// !$*UTF8*$!
{
	archiveVersion = 1;
	classes = {
	};
	objectVersion = 56;
	objects = {

/* Begin PBXBuildFile section */
		65A520802A57DDAD005E1917 /* OnlineStoreTCA_DemoApp.swift in Sources */ = {isa = PBXBuildFile; fileRef = 65A5207F2A57DDAD005E1917 /* OnlineStoreTCA_DemoApp.swift */; };
		65A520842A57DDAE005E1917 /* Assets.xcassets in Resources */ = {isa = PBXBuildFile; fileRef = 65A520832A57DDAE005E1917 /* Assets.xcassets */; };
		65A520872A57DDAE005E1917 /* Preview Assets.xcassets in Resources */ = {isa = PBXBuildFile; fileRef = 65A520862A57DDAE005E1917 /* Preview Assets.xcassets */; };
		65A5208F2A57DDD4005E1917 /* ComposableArchitecture in Frameworks */ = {isa = PBXBuildFile; productRef = 65A5208E2A57DDD4005E1917 /* ComposableArchitecture */; };
		65A520922A5BA762005E1917 /* AddToCartDomain.swift in Sources */ = {isa = PBXBuildFile; fileRef = 65A520912A5BA762005E1917 /* AddToCartDomain.swift */; };
		65A520942A5BA7C0005E1917 /* PlustMinusButton.swift in Sources */ = {isa = PBXBuildFile; fileRef = 65A520932A5BA7C0005E1917 /* PlustMinusButton.swift */; };
		65A520962A5BA926005E1917 /* AddToCartButton.swift in Sources */ = {isa = PBXBuildFile; fileRef = 65A520952A5BA926005E1917 /* AddToCartButton.swift */; };
		65A520992A5BAF68005E1917 /* Product.swift in Sources */ = {isa = PBXBuildFile; fileRef = 65A520982A5BAF68005E1917 /* Product.swift */; };
		65A5209B2A5BCF86005E1917 /* ProductDomain.swift in Sources */ = {isa = PBXBuildFile; fileRef = 65A5209A2A5BCF86005E1917 /* ProductDomain.swift */; };
		65A5209D2A5BD7AD005E1917 /* ProductCell.swift in Sources */ = {isa = PBXBuildFile; fileRef = 65A5209C2A5BD7AD005E1917 /* ProductCell.swift */; };
		65A5209F2A5BF29B005E1917 /* ProductListDomain.swift in Sources */ = {isa = PBXBuildFile; fileRef = 65A5209E2A5BF29B005E1917 /* ProductListDomain.swift */; };
		65A520A22A5CFC9F005E1917 /* ProductListView.swift in Sources */ = {isa = PBXBuildFile; fileRef = 65A520A12A5CFC9F005E1917 /* ProductListView.swift */; };
		65A520A52A5D237E005E1917 /* CartListView.swift in Sources */ = {isa = PBXBuildFile; fileRef = 65A520A42A5D237E005E1917 /* CartListView.swift */; };
		65A520A82A5D3967005E1917 /* CartItem.swift in Sources */ = {isa = PBXBuildFile; fileRef = 65A520A72A5D3967005E1917 /* CartItem.swift */; };
		65A520AA2A5D3A13005E1917 /* CasrtItemDomain.swift in Sources */ = {isa = PBXBuildFile; fileRef = 65A520A92A5D3A13005E1917 /* CasrtItemDomain.swift */; };
		65A520AC2A5D3A8D005E1917 /* CartListDomain.swift in Sources */ = {isa = PBXBuildFile; fileRef = 65A520AB2A5D3A8D005E1917 /* CartListDomain.swift */; };
		65A520AE2A5D3CE0005E1917 /* CartCell.swift in Sources */ = {isa = PBXBuildFile; fileRef = 65A520AD2A5D3CE0005E1917 /* CartCell.swift */; };
/* End PBXBuildFile section */

/* Begin PBXFileReference section */
		65A5207C2A57DDAD005E1917 /* OnlineStoreTCA_Demo.app */ = {isa = PBXFileReference; explicitFileType = wrapper.application; includeInIndex = 0; path = OnlineStoreTCA_Demo.app; sourceTree = BUILT_PRODUCTS_DIR; };
		65A5207F2A57DDAD005E1917 /* OnlineStoreTCA_DemoApp.swift */ = {isa = PBXFileReference; lastKnownFileType = sourcecode.swift; path = OnlineStoreTCA_DemoApp.swift; sourceTree = "<group>"; };
		65A520832A57DDAE005E1917 /* Assets.xcassets */ = {isa = PBXFileReference; lastKnownFileType = folder.assetcatalog; path = Assets.xcassets; sourceTree = "<group>"; };
		65A520862A57DDAE005E1917 /* Preview Assets.xcassets */ = {isa = PBXFileReference; lastKnownFileType = folder.assetcatalog; path = "Preview Assets.xcassets"; sourceTree = "<group>"; };
		65A520912A5BA762005E1917 /* AddToCartDomain.swift */ = {isa = PBXFileReference; lastKnownFileType = sourcecode.swift; path = AddToCartDomain.swift; sourceTree = "<group>"; };
		65A520932A5BA7C0005E1917 /* PlustMinusButton.swift */ = {isa = PBXFileReference; lastKnownFileType = sourcecode.swift; path = PlustMinusButton.swift; sourceTree = "<group>"; };
		65A520952A5BA926005E1917 /* AddToCartButton.swift */ = {isa = PBXFileReference; lastKnownFileType = sourcecode.swift; path = AddToCartButton.swift; sourceTree = "<group>"; };
		65A520982A5BAF68005E1917 /* Product.swift */ = {isa = PBXFileReference; lastKnownFileType = sourcecode.swift; path = Product.swift; sourceTree = "<group>"; };
		65A5209A2A5BCF86005E1917 /* ProductDomain.swift */ = {isa = PBXFileReference; lastKnownFileType = sourcecode.swift; path = ProductDomain.swift; sourceTree = "<group>"; };
		65A5209C2A5BD7AD005E1917 /* ProductCell.swift */ = {isa = PBXFileReference; lastKnownFileType = sourcecode.swift; path = ProductCell.swift; sourceTree = "<group>"; };
		65A5209E2A5BF29B005E1917 /* ProductListDomain.swift */ = {isa = PBXFileReference; lastKnownFileType = sourcecode.swift; path = ProductListDomain.swift; sourceTree = "<group>"; };
		65A520A12A5CFC9F005E1917 /* ProductListView.swift */ = {isa = PBXFileReference; lastKnownFileType = sourcecode.swift; path = ProductListView.swift; sourceTree = "<group>"; };
		65A520A42A5D237E005E1917 /* CartListView.swift */ = {isa = PBXFileReference; lastKnownFileType = sourcecode.swift; path = CartListView.swift; sourceTree = "<group>"; };
		65A520A72A5D3967005E1917 /* CartItem.swift */ = {isa = PBXFileReference; lastKnownFileType = sourcecode.swift; path = CartItem.swift; sourceTree = "<group>"; };
		65A520A92A5D3A13005E1917 /* CasrtItemDomain.swift */ = {isa = PBXFileReference; lastKnownFileType = sourcecode.swift; path = CasrtItemDomain.swift; sourceTree = "<group>"; };
		65A520AB2A5D3A8D005E1917 /* CartListDomain.swift */ = {isa = PBXFileReference; lastKnownFileType = sourcecode.swift; path = CartListDomain.swift; sourceTree = "<group>"; };
		65A520AD2A5D3CE0005E1917 /* CartCell.swift */ = {isa = PBXFileReference; lastKnownFileType = sourcecode.swift; path = CartCell.swift; sourceTree = "<group>"; };
/* End PBXFileReference section */

/* Begin PBXFrameworksBuildPhase section */
		65A520792A57DDAD005E1917 /* Frameworks */ = {
			isa = PBXFrameworksBuildPhase;
			buildActionMask = 2147483647;
			files = (
				65A5208F2A57DDD4005E1917 /* ComposableArchitecture in Frameworks */,
			);
			runOnlyForDeploymentPostprocessing = 0;
		};
/* End PBXFrameworksBuildPhase section */

/* Begin PBXGroup section */
		65A520732A57DDAD005E1917 = {
			isa = PBXGroup;
			children = (
				65A5207E2A57DDAD005E1917 /* OnlineStoreTCA_Demo */,
				65A5207D2A57DDAD005E1917 /* Products */,
			);
			sourceTree = "<group>";
		};
		65A5207D2A57DDAD005E1917 /* Products */ = {
			isa = PBXGroup;
			children = (
				65A5207C2A57DDAD005E1917 /* OnlineStoreTCA_Demo.app */,
			);
			name = Products;
			sourceTree = "<group>";
		};
		65A5207E2A57DDAD005E1917 /* OnlineStoreTCA_Demo */ = {
			isa = PBXGroup;
			children = (
				65A5207F2A57DDAD005E1917 /* OnlineStoreTCA_DemoApp.swift */,
				65A520A32A5D2370005E1917 /* CartList */,
				65A520A02A5BF2A9005E1917 /* ProductList */,
				65A520972A5BAF53005E1917 /* Product */,
				65A520902A57DE49005E1917 /* AddToCart */,
				65A520832A57DDAE005E1917 /* Assets.xcassets */,
				65A520852A57DDAE005E1917 /* Preview Content */,
			);
			path = OnlineStoreTCA_Demo;
			sourceTree = "<group>";
		};
		65A520852A57DDAE005E1917 /* Preview Content */ = {
			isa = PBXGroup;
			children = (
				65A520862A57DDAE005E1917 /* Preview Assets.xcassets */,
			);
			path = "Preview Content";
			sourceTree = "<group>";
		};
		65A520902A57DE49005E1917 /* AddToCart */ = {
			isa = PBXGroup;
			children = (
				65A520912A5BA762005E1917 /* AddToCartDomain.swift */,
				65A520932A5BA7C0005E1917 /* PlustMinusButton.swift */,
				65A520952A5BA926005E1917 /* AddToCartButton.swift */,
			);
			path = AddToCart;
			sourceTree = "<group>";
		};
		65A520972A5BAF53005E1917 /* Product */ = {
			isa = PBXGroup;
			children = (
				65A520982A5BAF68005E1917 /* Product.swift */,
				65A5209A2A5BCF86005E1917 /* ProductDomain.swift */,
				65A5209C2A5BD7AD005E1917 /* ProductCell.swift */,
			);
			path = Product;
			sourceTree = "<group>";
		};
		65A520A02A5BF2A9005E1917 /* ProductList */ = {
			isa = PBXGroup;
			children = (
				65A5209E2A5BF29B005E1917 /* ProductListDomain.swift */,
				65A520A12A5CFC9F005E1917 /* ProductListView.swift */,
			);
			path = ProductList;
			sourceTree = "<group>";
		};
		65A520A32A5D2370005E1917 /* CartList */ = {
			isa = PBXGroup;
			children = (
				65A520A62A5D3952005E1917 /* CartItem */,
				65A520A42A5D237E005E1917 /* CartListView.swift */,
				65A520AB2A5D3A8D005E1917 /* CartListDomain.swift */,
			);
			path = CartList;
			sourceTree = "<group>";
		};
		65A520A62A5D3952005E1917 /* CartItem */ = {
			isa = PBXGroup;
			children = (
				65A520A72A5D3967005E1917 /* CartItem.swift */,
				65A520A92A5D3A13005E1917 /* CasrtItemDomain.swift */,
				65A520AD2A5D3CE0005E1917 /* CartCell.swift */,
			);
			path = CartItem;
			sourceTree = "<group>";
		};
/* End PBXGroup section */

/* Begin PBXNativeTarget section */
		65A5207B2A57DDAD005E1917 /* OnlineStoreTCA_Demo */ = {
			isa = PBXNativeTarget;
			buildConfigurationList = 65A5208A2A57DDAE005E1917 /* Build configuration list for PBXNativeTarget "OnlineStoreTCA_Demo" */;
			buildPhases = (
				65A520782A57DDAD005E1917 /* Sources */,
				65A520792A57DDAD005E1917 /* Frameworks */,
				65A5207A2A57DDAD005E1917 /* Resources */,
			);
			buildRules = (
			);
			dependencies = (
			);
			name = OnlineStoreTCA_Demo;
			packageProductDependencies = (
				65A5208E2A57DDD4005E1917 /* ComposableArchitecture */,
			);
			productName = OnlineStoreTCA_Demo;
			productReference = 65A5207C2A57DDAD005E1917 /* OnlineStoreTCA_Demo.app */;
			productType = "com.apple.product-type.application";
		};
/* End PBXNativeTarget section */

/* Begin PBXProject section */
		65A520742A57DDAD005E1917 /* Project object */ = {
			isa = PBXProject;
			attributes = {
				BuildIndependentTargetsInParallel = 1;
				LastSwiftUpdateCheck = 1430;
				LastUpgradeCheck = 1430;
				TargetAttributes = {
					65A5207B2A57DDAD005E1917 = {
						CreatedOnToolsVersion = 14.3.1;
					};
				};
			};
			buildConfigurationList = 65A520772A57DDAD005E1917 /* Build configuration list for PBXProject "OnlineStoreTCA_Demo" */;
			compatibilityVersion = "Xcode 14.0";
			developmentRegion = en;
			hasScannedForEncodings = 0;
			knownRegions = (
				en,
				Base,
			);
			mainGroup = 65A520732A57DDAD005E1917;
			packageReferences = (
				65A5208D2A57DDD4005E1917 /* XCRemoteSwiftPackageReference "swift-composable-architecture" */,
			);
			productRefGroup = 65A5207D2A57DDAD005E1917 /* Products */;
			projectDirPath = "";
			projectRoot = "";
			targets = (
				65A5207B2A57DDAD005E1917 /* OnlineStoreTCA_Demo */,
			);
		};
/* End PBXProject section */

/* Begin PBXResourcesBuildPhase section */
		65A5207A2A57DDAD005E1917 /* Resources */ = {
			isa = PBXResourcesBuildPhase;
			buildActionMask = 2147483647;
			files = (
				65A520872A57DDAE005E1917 /* Preview Assets.xcassets in Resources */,
				65A520842A57DDAE005E1917 /* Assets.xcassets in Resources */,
			);
			runOnlyForDeploymentPostprocessing = 0;
		};
/* End PBXResourcesBuildPhase section */

/* Begin PBXSourcesBuildPhase section */
		65A520782A57DDAD005E1917 /* Sources */ = {
			isa = PBXSourcesBuildPhase;
			buildActionMask = 2147483647;
			files = (
				65A520A52A5D237E005E1917 /* CartListView.swift in Sources */,
				65A520AE2A5D3CE0005E1917 /* CartCell.swift in Sources */,
				65A520922A5BA762005E1917 /* AddToCartDomain.swift in Sources */,
				65A520A82A5D3967005E1917 /* CartItem.swift in Sources */,
				65A5209B2A5BCF86005E1917 /* ProductDomain.swift in Sources */,
				65A520942A5BA7C0005E1917 /* PlustMinusButton.swift in Sources */,
				65A520992A5BAF68005E1917 /* Product.swift in Sources */,
				65A520962A5BA926005E1917 /* AddToCartButton.swift in Sources */,
				65A520AC2A5D3A8D005E1917 /* CartListDomain.swift in Sources */,
				65A5209D2A5BD7AD005E1917 /* ProductCell.swift in Sources */,
				65A520AA2A5D3A13005E1917 /* CasrtItemDomain.swift in Sources */,
				65A520A22A5CFC9F005E1917 /* ProductListView.swift in Sources */,
				65A520802A57DDAD005E1917 /* OnlineStoreTCA_DemoApp.swift in Sources */,
				65A5209F2A5BF29B005E1917 /* ProductListDomain.swift in Sources */,
			);
			runOnlyForDeploymentPostprocessing = 0;
		};
/* End PBXSourcesBuildPhase section */

/* Begin XCBuildConfiguration section */
		65A520882A57DDAE005E1917 /* Debug */ = {
			isa = XCBuildConfiguration;
			buildSettings = {
				ALWAYS_SEARCH_USER_PATHS = NO;
				CLANG_ANALYZER_NONNULL = YES;
				CLANG_ANALYZER_NUMBER_OBJECT_CONVERSION = YES_AGGRESSIVE;
				CLANG_CXX_LANGUAGE_STANDARD = "gnu++20";
				CLANG_ENABLE_MODULES = YES;
				CLANG_ENABLE_OBJC_ARC = YES;
				CLANG_ENABLE_OBJC_WEAK = YES;
				CLANG_WARN_BLOCK_CAPTURE_AUTORELEASING = YES;
				CLANG_WARN_BOOL_CONVERSION = YES;
				CLANG_WARN_COMMA = YES;
				CLANG_WARN_CONSTANT_CONVERSION = YES;
				CLANG_WARN_DEPRECATED_OBJC_IMPLEMENTATIONS = YES;
				CLANG_WARN_DIRECT_OBJC_ISA_USAGE = YES_ERROR;
				CLANG_WARN_DOCUMENTATION_COMMENTS = YES;
				CLANG_WARN_EMPTY_BODY = YES;
				CLANG_WARN_ENUM_CONVERSION = YES;
				CLANG_WARN_INFINITE_RECURSION = YES;
				CLANG_WARN_INT_CONVERSION = YES;
				CLANG_WARN_NON_LITERAL_NULL_CONVERSION = YES;
				CLANG_WARN_OBJC_IMPLICIT_RETAIN_SELF = YES;
				CLANG_WARN_OBJC_LITERAL_CONVERSION = YES;
				CLANG_WARN_OBJC_ROOT_CLASS = YES_ERROR;
				CLANG_WARN_QUOTED_INCLUDE_IN_FRAMEWORK_HEADER = YES;
				CLANG_WARN_RANGE_LOOP_ANALYSIS = YES;
				CLANG_WARN_STRICT_PROTOTYPES = YES;
				CLANG_WARN_SUSPICIOUS_MOVE = YES;
				CLANG_WARN_UNGUARDED_AVAILABILITY = YES_AGGRESSIVE;
				CLANG_WARN_UNREACHABLE_CODE = YES;
				CLANG_WARN__DUPLICATE_METHOD_MATCH = YES;
				COPY_PHASE_STRIP = NO;
				DEBUG_INFORMATION_FORMAT = dwarf;
				ENABLE_STRICT_OBJC_MSGSEND = YES;
				ENABLE_TESTABILITY = YES;
				GCC_C_LANGUAGE_STANDARD = gnu11;
				GCC_DYNAMIC_NO_PIC = NO;
				GCC_NO_COMMON_BLOCKS = YES;
				GCC_OPTIMIZATION_LEVEL = 0;
				GCC_PREPROCESSOR_DEFINITIONS = (
					"DEBUG=1",
					"$(inherited)",
				);
				GCC_WARN_64_TO_32_BIT_CONVERSION = YES;
				GCC_WARN_ABOUT_RETURN_TYPE = YES_ERROR;
				GCC_WARN_UNDECLARED_SELECTOR = YES;
				GCC_WARN_UNINITIALIZED_AUTOS = YES_AGGRESSIVE;
				GCC_WARN_UNUSED_FUNCTION = YES;
				GCC_WARN_UNUSED_VARIABLE = YES;
				IPHONEOS_DEPLOYMENT_TARGET = 16.4;
				MTL_ENABLE_DEBUG_INFO = INCLUDE_SOURCE;
				MTL_FAST_MATH = YES;
				ONLY_ACTIVE_ARCH = YES;
				SDKROOT = iphoneos;
				SWIFT_ACTIVE_COMPILATION_CONDITIONS = DEBUG;
				SWIFT_OPTIMIZATION_LEVEL = "-Onone";
			};
			name = Debug;
		};
		65A520892A57DDAE005E1917 /* Release */ = {
			isa = XCBuildConfiguration;
			buildSettings = {
				ALWAYS_SEARCH_USER_PATHS = NO;
				CLANG_ANALYZER_NONNULL = YES;
				CLANG_ANALYZER_NUMBER_OBJECT_CONVERSION = YES_AGGRESSIVE;
				CLANG_CXX_LANGUAGE_STANDARD = "gnu++20";
				CLANG_ENABLE_MODULES = YES;
				CLANG_ENABLE_OBJC_ARC = YES;
				CLANG_ENABLE_OBJC_WEAK = YES;
				CLANG_WARN_BLOCK_CAPTURE_AUTORELEASING = YES;
				CLANG_WARN_BOOL_CONVERSION = YES;
				CLANG_WARN_COMMA = YES;
				CLANG_WARN_CONSTANT_CONVERSION = YES;
				CLANG_WARN_DEPRECATED_OBJC_IMPLEMENTATIONS = YES;
				CLANG_WARN_DIRECT_OBJC_ISA_USAGE = YES_ERROR;
				CLANG_WARN_DOCUMENTATION_COMMENTS = YES;
				CLANG_WARN_EMPTY_BODY = YES;
				CLANG_WARN_ENUM_CONVERSION = YES;
				CLANG_WARN_INFINITE_RECURSION = YES;
				CLANG_WARN_INT_CONVERSION = YES;
				CLANG_WARN_NON_LITERAL_NULL_CONVERSION = YES;
				CLANG_WARN_OBJC_IMPLICIT_RETAIN_SELF = YES;
				CLANG_WARN_OBJC_LITERAL_CONVERSION = YES;
				CLANG_WARN_OBJC_ROOT_CLASS = YES_ERROR;
				CLANG_WARN_QUOTED_INCLUDE_IN_FRAMEWORK_HEADER = YES;
				CLANG_WARN_RANGE_LOOP_ANALYSIS = YES;
				CLANG_WARN_STRICT_PROTOTYPES = YES;
				CLANG_WARN_SUSPICIOUS_MOVE = YES;
				CLANG_WARN_UNGUARDED_AVAILABILITY = YES_AGGRESSIVE;
				CLANG_WARN_UNREACHABLE_CODE = YES;
				CLANG_WARN__DUPLICATE_METHOD_MATCH = YES;
				COPY_PHASE_STRIP = NO;
				DEBUG_INFORMATION_FORMAT = "dwarf-with-dsym";
				ENABLE_NS_ASSERTIONS = NO;
				ENABLE_STRICT_OBJC_MSGSEND = YES;
				GCC_C_LANGUAGE_STANDARD = gnu11;
				GCC_NO_COMMON_BLOCKS = YES;
				GCC_WARN_64_TO_32_BIT_CONVERSION = YES;
				GCC_WARN_ABOUT_RETURN_TYPE = YES_ERROR;
				GCC_WARN_UNDECLARED_SELECTOR = YES;
				GCC_WARN_UNINITIALIZED_AUTOS = YES_AGGRESSIVE;
				GCC_WARN_UNUSED_FUNCTION = YES;
				GCC_WARN_UNUSED_VARIABLE = YES;
				IPHONEOS_DEPLOYMENT_TARGET = 16.4;
				MTL_ENABLE_DEBUG_INFO = NO;
				MTL_FAST_MATH = YES;
				SDKROOT = iphoneos;
				SWIFT_COMPILATION_MODE = wholemodule;
				SWIFT_OPTIMIZATION_LEVEL = "-O";
				VALIDATE_PRODUCT = YES;
			};
			name = Release;
		};
		65A5208B2A57DDAE005E1917 /* Debug */ = {
			isa = XCBuildConfiguration;
			buildSettings = {
				ASSETCATALOG_COMPILER_APPICON_NAME = AppIcon;
				ASSETCATALOG_COMPILER_GLOBAL_ACCENT_COLOR_NAME = AccentColor;
				CODE_SIGN_STYLE = Automatic;
				CURRENT_PROJECT_VERSION = 1;
				DEVELOPMENT_ASSET_PATHS = "\"OnlineStoreTCA_Demo/Preview Content\"";
				DEVELOPMENT_TEAM = 267W876FYR;
				ENABLE_PREVIEWS = YES;
				GENERATE_INFOPLIST_FILE = YES;
				INFOPLIST_KEY_UIApplicationSceneManifest_Generation = YES;
				INFOPLIST_KEY_UIApplicationSupportsIndirectInputEvents = YES;
				INFOPLIST_KEY_UILaunchScreen_Generation = YES;
				INFOPLIST_KEY_UISupportedInterfaceOrientations_iPad = "UIInterfaceOrientationPortrait UIInterfaceOrientationPortraitUpsideDown UIInterfaceOrientationLandscapeLeft UIInterfaceOrientationLandscapeRight";
				INFOPLIST_KEY_UISupportedInterfaceOrientations_iPhone = "UIInterfaceOrientationPortrait UIInterfaceOrientationLandscapeLeft UIInterfaceOrientationLandscapeRight";
				LD_RUNPATH_SEARCH_PATHS = (
					"$(inherited)",
					"@executable_path/Frameworks",
				);
				MARKETING_VERSION = 1.0;
				PRODUCT_BUNDLE_IDENTIFIER = "com.sunghongmin.OnlineStoreTCA-Demo";
				PRODUCT_NAME = "$(TARGET_NAME)";
				SWIFT_EMIT_LOC_STRINGS = YES;
				SWIFT_VERSION = 5.0;
				TARGETED_DEVICE_FAMILY = "1,2";
			};
			name = Debug;
		};
		65A5208C2A57DDAE005E1917 /* Release */ = {
			isa = XCBuildConfiguration;
			buildSettings = {
				ASSETCATALOG_COMPILER_APPICON_NAME = AppIcon;
				ASSETCATALOG_COMPILER_GLOBAL_ACCENT_COLOR_NAME = AccentColor;
				CODE_SIGN_STYLE = Automatic;
				CURRENT_PROJECT_VERSION = 1;
				DEVELOPMENT_ASSET_PATHS = "\"OnlineStoreTCA_Demo/Preview Content\"";
				DEVELOPMENT_TEAM = 267W876FYR;
				ENABLE_PREVIEWS = YES;
				GENERATE_INFOPLIST_FILE = YES;
				INFOPLIST_KEY_UIApplicationSceneManifest_Generation = YES;
				INFOPLIST_KEY_UIApplicationSupportsIndirectInputEvents = YES;
				INFOPLIST_KEY_UILaunchScreen_Generation = YES;
				INFOPLIST_KEY_UISupportedInterfaceOrientations_iPad = "UIInterfaceOrientationPortrait UIInterfaceOrientationPortraitUpsideDown UIInterfaceOrientationLandscapeLeft UIInterfaceOrientationLandscapeRight";
				INFOPLIST_KEY_UISupportedInterfaceOrientations_iPhone = "UIInterfaceOrientationPortrait UIInterfaceOrientationLandscapeLeft UIInterfaceOrientationLandscapeRight";
				LD_RUNPATH_SEARCH_PATHS = (
					"$(inherited)",
					"@executable_path/Frameworks",
				);
				MARKETING_VERSION = 1.0;
				PRODUCT_BUNDLE_IDENTIFIER = "com.sunghongmin.OnlineStoreTCA-Demo";
				PRODUCT_NAME = "$(TARGET_NAME)";
				SWIFT_EMIT_LOC_STRINGS = YES;
				SWIFT_VERSION = 5.0;
				TARGETED_DEVICE_FAMILY = "1,2";
			};
			name = Release;
		};
/* End XCBuildConfiguration section */

/* Begin XCConfigurationList section */
		65A520772A57DDAD005E1917 /* Build configuration list for PBXProject "OnlineStoreTCA_Demo" */ = {
			isa = XCConfigurationList;
			buildConfigurations = (
				65A520882A57DDAE005E1917 /* Debug */,
				65A520892A57DDAE005E1917 /* Release */,
			);
			defaultConfigurationIsVisible = 0;
			defaultConfigurationName = Release;
		};
		65A5208A2A57DDAE005E1917 /* Build configuration list for PBXNativeTarget "OnlineStoreTCA_Demo" */ = {
			isa = XCConfigurationList;
			buildConfigurations = (
				65A5208B2A57DDAE005E1917 /* Debug */,
				65A5208C2A57DDAE005E1917 /* Release */,
			);
			defaultConfigurationIsVisible = 0;
			defaultConfigurationName = Release;
		};
/* End XCConfigurationList section */

/* Begin XCRemoteSwiftPackageReference section */
		65A5208D2A57DDD4005E1917 /* XCRemoteSwiftPackageReference "swift-composable-architecture" */ = {
			isa = XCRemoteSwiftPackageReference;
			repositoryURL = "https://github.com/pointfreeco/swift-composable-architecture";
			requirement = {
				kind = upToNextMajorVersion;
				minimumVersion = 0.55.0;
			};
		};
/* End XCRemoteSwiftPackageReference section */

/* Begin XCSwiftPackageProductDependency section */
		65A5208E2A57DDD4005E1917 /* ComposableArchitecture */ = {
			isa = XCSwiftPackageProductDependency;
			package = 65A5208D2A57DDD4005E1917 /* XCRemoteSwiftPackageReference "swift-composable-architecture" */;
			productName = ComposableArchitecture;
		};
/* End XCSwiftPackageProductDependency section */
	};
	rootObject = 65A520742A57DDAD005E1917 /* Project object */;
}
